
Microsoft Visual Studio Solution File, Format Version 12.00
# Visual Studio Version 17
VisualStudioVersion = 17.7.34221.43
MinimumVisualStudioVersion = 10.0.40219.1
Project("{9A19103F-16F7-4668-BE54-9A1E7A4F7556}") = "Tobeto FS. Dev. Training Camp", "Tobeto FS. Dev. Training Camp\Tobeto FS. Dev. Training Camp.csproj", "{A533E4EE-90BE-487F-B491-DEEEDC83C72F}"
EndProject
Project("{9A19103F-16F7-4668-BE54-9A1E7A4F7556}") = "Mathematics", "Mathematics\Mathematics.csproj", "{8697BCDC-5DC5-443B-84A6-D88990A8BA06}"
EndProject
Project("{9A19103F-16F7-4668-BE54-9A1E7A4F7556}") = "Methods", "Methods\Methods.csproj", "{A9A6F4CB-F48C-486F-8E8F-5E72AB1EB89E}"
EndProject
Project("{9A19103F-16F7-4668-BE54-9A1E7A4F7556}") = "ValueAndReferenceTypes", "ValueAndReferenceTypes\ValueAndReferenceTypes.csproj", "{60EDAD56-458D-4860-80D1-8078DA71CDCB}"
EndProject
Project("{9A19103F-16F7-4668-BE54-9A1E7A4F7556}") = "OOP1", "OOP1\OOP1.csproj", "{6877C533-AC3B-41D3-BDF3-1A488714617F}"
EndProject
Project("{9A19103F-16F7-4668-BE54-9A1E7A4F7556}") = "Collections", "Collections\Collections.csproj", "{E9A45165-18D1-4A4C-BD6E-1622EBCAC045}"
EndProject
Project("{9A19103F-16F7-4668-BE54-9A1E7A4F7556}") = "GenericsIntro", "GenericsIntro\GenericsIntro.csproj", "{70FAD004-C755-45FB-8E5A-1648EF478A68}"
EndProject
Project("{9A19103F-16F7-4668-BE54-9A1E7A4F7556}") = "OOP2", "OOP2\OOP2.csproj", "{BB048B16-6EBD-42C2-B8B2-2C802CD8D593}"
EndProject
Project("{9A19103F-16F7-4668-BE54-9A1E7A4F7556}") = "OOP3", "OOP3\OOP3.csproj", "{85D06E5C-3BF9-46E0-924D-77050283B30C}"
EndProject
Project("{9A19103F-16F7-4668-BE54-9A1E7A4F7556}") = "GameProjectSimulation", "GameProjectSimulation\GameProjectSimulation.csproj", "{4B8861D7-C7EE-4A76-B3F6-23A56BE80155}"
EndProject
Project("{9A19103F-16F7-4668-BE54-9A1E7A4F7556}") = "Dictionary", "Dictionary\Dictionary.csproj", "{1B730024-FA63-4206-9006-225748E5FA12}"
EndProject
Project("{9A19103F-16F7-4668-BE54-9A1E7A4F7556}") = "RentACar", "RentACar\RentACar.csproj", "{DC0578D8-2F9C-4182-B8B3-854F4B9F8F7F}"
EndProject
Project("{2150E333-8FDC-42A3-9474-1A3956D46DE8}") = "RentACar", "RentACar", "{AAEA80E2-8413-4459-BC3B-3ED5EE4A72AF}"
EndProject
Project("{9A19103F-16F7-4668-BE54-9A1E7A4F7556}") = "Entities", "Entities\Entities.csproj", "{857E027E-8495-4ADF-885F-8C857C797F91}"
EndProject
Project("{2150E333-8FDC-42A3-9474-1A3956D46DE8}") = "General Subjects", "General Subjects", "{E3FA8ABF-F323-402B-9D16-5FAE1FE9AEE5}"
EndProject
Project("{2150E333-8FDC-42A3-9474-1A3956D46DE8}") = "GameProjectSimulation", "GameProjectSimulation", "{5E8B92B0-57CC-4B07-804C-926E2D6B5D6A}"
EndProject
Project("{FAE04EC0-301F-11D3-BF4B-00C04F79EFBC}") = "Core", "Core\Core.csproj", "{622E0B00-89CF-465A-97EE-15D8D2D62F95}"
EndProject
Project("{FAE04EC0-301F-11D3-BF4B-00C04F79EFBC}") = "DataAccess", "DataAccess\DataAccess.csproj", "{5C82AA02-634B-476A-B851-F58FC2B6C1CF}"
EndProject
Global
	GlobalSection(SolutionConfigurationPlatforms) = preSolution
		Debug|Any CPU = Debug|Any CPU
		Release|Any CPU = Release|Any CPU
	EndGlobalSection
	GlobalSection(ProjectConfigurationPlatforms) = postSolution
		{A533E4EE-90BE-487F-B491-DEEEDC83C72F}.Debug|Any CPU.ActiveCfg = Debug|Any CPU
		{A533E4EE-90BE-487F-B491-DEEEDC83C72F}.Debug|Any CPU.Build.0 = Debug|Any CPU
		{A533E4EE-90BE-487F-B491-DEEEDC83C72F}.Release|Any CPU.ActiveCfg = Release|Any CPU
		{A533E4EE-90BE-487F-B491-DEEEDC83C72F}.Release|Any CPU.Build.0 = Release|Any CPU
		{8697BCDC-5DC5-443B-84A6-D88990A8BA06}.Debug|Any CPU.ActiveCfg = Debug|Any CPU
		{8697BCDC-5DC5-443B-84A6-D88990A8BA06}.Debug|Any CPU.Build.0 = Debug|Any CPU
		{8697BCDC-5DC5-443B-84A6-D88990A8BA06}.Release|Any CPU.ActiveCfg = Release|Any CPU
		{8697BCDC-5DC5-443B-84A6-D88990A8BA06}.Release|Any CPU.Build.0 = Release|Any CPU
		{A9A6F4CB-F48C-486F-8E8F-5E72AB1EB89E}.Debug|Any CPU.ActiveCfg = Debug|Any CPU
		{A9A6F4CB-F48C-486F-8E8F-5E72AB1EB89E}.Debug|Any CPU.Build.0 = Debug|Any CPU
		{A9A6F4CB-F48C-486F-8E8F-5E72AB1EB89E}.Release|Any CPU.ActiveCfg = Release|Any CPU
		{A9A6F4CB-F48C-486F-8E8F-5E72AB1EB89E}.Release|Any CPU.Build.0 = Release|Any CPU
		{60EDAD56-458D-4860-80D1-8078DA71CDCB}.Debug|Any CPU.ActiveCfg = Debug|Any CPU
		{60EDAD56-458D-4860-80D1-8078DA71CDCB}.Debug|Any CPU.Build.0 = Debug|Any CPU
		{60EDAD56-458D-4860-80D1-8078DA71CDCB}.Release|Any CPU.ActiveCfg = Release|Any CPU
		{60EDAD56-458D-4860-80D1-8078DA71CDCB}.Release|Any CPU.Build.0 = Release|Any CPU
		{6877C533-AC3B-41D3-BDF3-1A488714617F}.Debug|Any CPU.ActiveCfg = Debug|Any CPU
		{6877C533-AC3B-41D3-BDF3-1A488714617F}.Debug|Any CPU.Build.0 = Debug|Any CPU
		{6877C533-AC3B-41D3-BDF3-1A488714617F}.Release|Any CPU.ActiveCfg = Release|Any CPU
		{6877C533-AC3B-41D3-BDF3-1A488714617F}.Release|Any CPU.Build.0 = Release|Any CPU
		{E9A45165-18D1-4A4C-BD6E-1622EBCAC045}.Debug|Any CPU.ActiveCfg = Debug|Any CPU
		{E9A45165-18D1-4A4C-BD6E-1622EBCAC045}.Debug|Any CPU.Build.0 = Debug|Any CPU
		{E9A45165-18D1-4A4C-BD6E-1622EBCAC045}.Release|Any CPU.ActiveCfg = Release|Any CPU
		{E9A45165-18D1-4A4C-BD6E-1622EBCAC045}.Release|Any CPU.Build.0 = Release|Any CPU
		{70FAD004-C755-45FB-8E5A-1648EF478A68}.Debug|Any CPU.ActiveCfg = Debug|Any CPU
		{70FAD004-C755-45FB-8E5A-1648EF478A68}.Debug|Any CPU.Build.0 = Debug|Any CPU
		{70FAD004-C755-45FB-8E5A-1648EF478A68}.Release|Any CPU.ActiveCfg = Release|Any CPU
		{70FAD004-C755-45FB-8E5A-1648EF478A68}.Release|Any CPU.Build.0 = Release|Any CPU
		{BB048B16-6EBD-42C2-B8B2-2C802CD8D593}.Debug|Any CPU.ActiveCfg = Debug|Any CPU
		{BB048B16-6EBD-42C2-B8B2-2C802CD8D593}.Debug|Any CPU.Build.0 = Debug|Any CPU
		{BB048B16-6EBD-42C2-B8B2-2C802CD8D593}.Release|Any CPU.ActiveCfg = Release|Any CPU
		{BB048B16-6EBD-42C2-B8B2-2C802CD8D593}.Release|Any CPU.Build.0 = Release|Any CPU
		{85D06E5C-3BF9-46E0-924D-77050283B30C}.Debug|Any CPU.ActiveCfg = Debug|Any CPU
		{85D06E5C-3BF9-46E0-924D-77050283B30C}.Debug|Any CPU.Build.0 = Debug|Any CPU
		{85D06E5C-3BF9-46E0-924D-77050283B30C}.Release|Any CPU.ActiveCfg = Release|Any CPU
		{85D06E5C-3BF9-46E0-924D-77050283B30C}.Release|Any CPU.Build.0 = Release|Any CPU
		{4B8861D7-C7EE-4A76-B3F6-23A56BE80155}.Debug|Any CPU.ActiveCfg = Debug|Any CPU
		{4B8861D7-C7EE-4A76-B3F6-23A56BE80155}.Debug|Any CPU.Build.0 = Debug|Any CPU
		{4B8861D7-C7EE-4A76-B3F6-23A56BE80155}.Release|Any CPU.ActiveCfg = Release|Any CPU
		{4B8861D7-C7EE-4A76-B3F6-23A56BE80155}.Release|Any CPU.Build.0 = Release|Any CPU
		{1B730024-FA63-4206-9006-225748E5FA12}.Debug|Any CPU.ActiveCfg = Debug|Any CPU
		{1B730024-FA63-4206-9006-225748E5FA12}.Debug|Any CPU.Build.0 = Debug|Any CPU
		{1B730024-FA63-4206-9006-225748E5FA12}.Release|Any CPU.ActiveCfg = Release|Any CPU
		{1B730024-FA63-4206-9006-225748E5FA12}.Release|Any CPU.Build.0 = Release|Any CPU
		{DC0578D8-2F9C-4182-B8B3-854F4B9F8F7F}.Debug|Any CPU.ActiveCfg = Debug|Any CPU
		{DC0578D8-2F9C-4182-B8B3-854F4B9F8F7F}.Debug|Any CPU.Build.0 = Debug|Any CPU
		{DC0578D8-2F9C-4182-B8B3-854F4B9F8F7F}.Release|Any CPU.ActiveCfg = Release|Any CPU
		{DC0578D8-2F9C-4182-B8B3-854F4B9F8F7F}.Release|Any CPU.Build.0 = Release|Any CPU
		{857E027E-8495-4ADF-885F-8C857C797F91}.Debug|Any CPU.ActiveCfg = Debug|Any CPU
		{857E027E-8495-4ADF-885F-8C857C797F91}.Debug|Any CPU.Build.0 = Debug|Any CPU
		{857E027E-8495-4ADF-885F-8C857C797F91}.Release|Any CPU.ActiveCfg = Release|Any CPU
		{857E027E-8495-4ADF-885F-8C857C797F91}.Release|Any CPU.Build.0 = Release|Any CPU
		{622E0B00-89CF-465A-97EE-15D8D2D62F95}.Debug|Any CPU.ActiveCfg = Debug|Any CPU
		{622E0B00-89CF-465A-97EE-15D8D2D62F95}.Debug|Any CPU.Build.0 = Debug|Any CPU
		{622E0B00-89CF-465A-97EE-15D8D2D62F95}.Release|Any CPU.ActiveCfg = Release|Any CPU
		{622E0B00-89CF-465A-97EE-15D8D2D62F95}.Release|Any CPU.Build.0 = Release|Any CPU
		{5C82AA02-634B-476A-B851-F58FC2B6C1CF}.Debug|Any CPU.ActiveCfg = Debug|Any CPU
		{5C82AA02-634B-476A-B851-F58FC2B6C1CF}.Debug|Any CPU.Build.0 = Debug|Any CPU
		{5C82AA02-634B-476A-B851-F58FC2B6C1CF}.Release|Any CPU.ActiveCfg = Release|Any CPU
		{5C82AA02-634B-476A-B851-F58FC2B6C1CF}.Release|Any CPU.Build.0 = Release|Any CPU
	EndGlobalSection
	GlobalSection(SolutionProperties) = preSolution
		HideSolutionNode = FALSE
	EndGlobalSection
	GlobalSection(NestedProjects) = preSolution
		{A533E4EE-90BE-487F-B491-DEEEDC83C72F} = {E3FA8ABF-F323-402B-9D16-5FAE1FE9AEE5}
		{8697BCDC-5DC5-443B-84A6-D88990A8BA06} = {E3FA8ABF-F323-402B-9D16-5FAE1FE9AEE5}
		{A9A6F4CB-F48C-486F-8E8F-5E72AB1EB89E} = {E3FA8ABF-F323-402B-9D16-5FAE1FE9AEE5}
		{60EDAD56-458D-4860-80D1-8078DA71CDCB} = {E3FA8ABF-F323-402B-9D16-5FAE1FE9AEE5}
		{6877C533-AC3B-41D3-BDF3-1A488714617F} = {E3FA8ABF-F323-402B-9D16-5FAE1FE9AEE5}
		{E9A45165-18D1-4A4C-BD6E-1622EBCAC045} = {E3FA8ABF-F323-402B-9D16-5FAE1FE9AEE5}
		{70FAD004-C755-45FB-8E5A-1648EF478A68} = {E3FA8ABF-F323-402B-9D16-5FAE1FE9AEE5}
		{BB048B16-6EBD-42C2-B8B2-2C802CD8D593} = {E3FA8ABF-F323-402B-9D16-5FAE1FE9AEE5}
		{85D06E5C-3BF9-46E0-924D-77050283B30C} = {E3FA8ABF-F323-402B-9D16-5FAE1FE9AEE5}
		{4B8861D7-C7EE-4A76-B3F6-23A56BE80155} = {5E8B92B0-57CC-4B07-804C-926E2D6B5D6A}
		{1B730024-FA63-4206-9006-225748E5FA12} = {E3FA8ABF-F323-402B-9D16-5FAE1FE9AEE5}
		{DC0578D8-2F9C-4182-B8B3-854F4B9F8F7F} = {AAEA80E2-8413-4459-BC3B-3ED5EE4A72AF}
		{857E027E-8495-4ADF-885F-8C857C797F91} = {AAEA80E2-8413-4459-BC3B-3ED5EE4A72AF}
		{622E0B00-89CF-465A-97EE-15D8D2D62F95} = {AAEA80E2-8413-4459-BC3B-3ED5EE4A72AF}
		{5C82AA02-634B-476A-B851-F58FC2B6C1CF} = {AAEA80E2-8413-4459-BC3B-3ED5EE4A72AF}
	EndGlobalSection
	GlobalSection(ExtensibilityGlobals) = postSolution
		SolutionGuid = {F37A6411-76C5-4FDD-BA7B-20508E4AC1DD}
	EndGlobalSection
EndGlobal
