
Microsoft Visual Studio Solution File, Format Version 12.00
# Visual Studio Version 17
VisualStudioVersion = 17.7.34221.43
MinimumVisualStudioVersion = 10.0.40219.1
Project("{FAE04EC0-301F-11D3-BF4B-00C04F79EFBC}") = "Tobeto FS. Dev. Training Camp", "Tobeto FS. Dev. Training Camp\Tobeto FS. Dev. Training Camp.csproj", "{A533E4EE-90BE-487F-B491-DEEEDC83C72F}"
EndProject
Project("{FAE04EC0-301F-11D3-BF4B-00C04F79EFBC}") = "Mathematics", "Mathematics\Mathematics.csproj", "{8697BCDC-5DC5-443B-84A6-D88990A8BA06}"
EndProject
Project("{FAE04EC0-301F-11D3-BF4B-00C04F79EFBC}") = "Methods", "Methods\Methods.csproj", "{A9A6F4CB-F48C-486F-8E8F-5E72AB1EB89E}"
EndProject
Project("{FAE04EC0-301F-11D3-BF4B-00C04F79EFBC}") = "ValueAndReferenceTypes", "ValueAndReferenceTypes\ValueAndReferenceTypes.csproj", "{60EDAD56-458D-4860-80D1-8078DA71CDCB}"
EndProject
Project("{FAE04EC0-301F-11D3-BF4B-00C04F79EFBC}") = "OOP1", "OOP1\OOP1.csproj", "{6877C533-AC3B-41D3-BDF3-1A488714617F}"
EndProject
Project("{FAE04EC0-301F-11D3-BF4B-00C04F79EFBC}") = "Collections", "Collections\Collections.csproj", "{E9A45165-18D1-4A4C-BD6E-1622EBCAC045}"
EndProject
Project("{FAE04EC0-301F-11D3-BF4B-00C04F79EFBC}") = "GenericsIntro", "GenericsIntro\GenericsIntro.csproj", "{70FAD004-C755-45FB-8E5A-1648EF478A68}"
EndProject
Global
	GlobalSection(SolutionConfigurationPlatforms) = preSolution
		Debug|Any CPU = Debug|Any CPU
		Release|Any CPU = Release|Any CPU
	EndGlobalSection
	GlobalSection(ProjectConfigurationPlatforms) = postSolution
		{A533E4EE-90BE-487F-B491-DEEEDC83C72F}.Debug|Any CPU.ActiveCfg = Debug|Any CPU
		{A533E4EE-90BE-487F-B491-DEEEDC83C72F}.Debug|Any CPU.Build.0 = Debug|Any CPU
		{A533E4EE-90BE-487F-B491-DEEEDC83C72F}.Release|Any CPU.ActiveCfg = Release|Any CPU
		{A533E4EE-90BE-487F-B491-DEEEDC83C72F}.Release|Any CPU.Build.0 = Release|Any CPU
		{8697BCDC-5DC5-443B-84A6-D88990A8BA06}.Debug|Any CPU.ActiveCfg = Debug|Any CPU
		{8697BCDC-5DC5-443B-84A6-D88990A8BA06}.Debug|Any CPU.Build.0 = Debug|Any CPU
		{8697BCDC-5DC5-443B-84A6-D88990A8BA06}.Release|Any CPU.ActiveCfg = Release|Any CPU
		{8697BCDC-5DC5-443B-84A6-D88990A8BA06}.Release|Any CPU.Build.0 = Release|Any CPU
		{A9A6F4CB-F48C-486F-8E8F-5E72AB1EB89E}.Debug|Any CPU.ActiveCfg = Debug|Any CPU
		{A9A6F4CB-F48C-486F-8E8F-5E72AB1EB89E}.Debug|Any CPU.Build.0 = Debug|Any CPU
		{A9A6F4CB-F48C-486F-8E8F-5E72AB1EB89E}.Release|Any CPU.ActiveCfg = Release|Any CPU
		{A9A6F4CB-F48C-486F-8E8F-5E72AB1EB89E}.Release|Any CPU.Build.0 = Release|Any CPU
		{60EDAD56-458D-4860-80D1-8078DA71CDCB}.Debug|Any CPU.ActiveCfg = Debug|Any CPU
		{60EDAD56-458D-4860-80D1-8078DA71CDCB}.Debug|Any CPU.Build.0 = Debug|Any CPU
		{60EDAD56-458D-4860-80D1-8078DA71CDCB}.Release|Any CPU.ActiveCfg = Release|Any CPU
		{60EDAD56-458D-4860-80D1-8078DA71CDCB}.Release|Any CPU.Build.0 = Release|Any CPU
		{6877C533-AC3B-41D3-BDF3-1A488714617F}.Debug|Any CPU.ActiveCfg = Debug|Any CPU
		{6877C533-AC3B-41D3-BDF3-1A488714617F}.Debug|Any CPU.Build.0 = Debug|Any CPU
		{6877C533-AC3B-41D3-BDF3-1A488714617F}.Release|Any CPU.ActiveCfg = Release|Any CPU
		{6877C533-AC3B-41D3-BDF3-1A488714617F}.Release|Any CPU.Build.0 = Release|Any CPU
		{E9A45165-18D1-4A4C-BD6E-1622EBCAC045}.Debug|Any CPU.ActiveCfg = Debug|Any CPU
		{E9A45165-18D1-4A4C-BD6E-1622EBCAC045}.Debug|Any CPU.Build.0 = Debug|Any CPU
		{E9A45165-18D1-4A4C-BD6E-1622EBCAC045}.Release|Any CPU.ActiveCfg = Release|Any CPU
		{E9A45165-18D1-4A4C-BD6E-1622EBCAC045}.Release|Any CPU.Build.0 = Release|Any CPU
		{70FAD004-C755-45FB-8E5A-1648EF478A68}.Debug|Any CPU.ActiveCfg = Debug|Any CPU
		{70FAD004-C755-45FB-8E5A-1648EF478A68}.Debug|Any CPU.Build.0 = Debug|Any CPU
		{70FAD004-C755-45FB-8E5A-1648EF478A68}.Release|Any CPU.ActiveCfg = Release|Any CPU
		{70FAD004-C755-45FB-8E5A-1648EF478A68}.Release|Any CPU.Build.0 = Release|Any CPU
	EndGlobalSection
	GlobalSection(SolutionProperties) = preSolution
		HideSolutionNode = FALSE
	EndGlobalSection
	GlobalSection(ExtensibilityGlobals) = postSolution
		SolutionGuid = {F37A6411-76C5-4FDD-BA7B-20508E4AC1DD}
	EndGlobalSection
EndGlobal
